
Microsoft Visual Studio Solution File, Format Version 12.00
# Visual Studio Version 16
VisualStudioVersion = 16.0.31402.337
MinimumVisualStudioVersion = 10.0.40219.1
Project("{2150E333-8FDC-42A3-9474-1A3956D46DE8}") = "Redis", "Redis", "{1A881431-C6E6-46F1-AF5E-EDC13F442ADF}"
EndProject
Project("{9A19103F-16F7-4668-BE54-9A1E7A4F7556}") = "RedisCacheExample", "RedisCacheExample\RedisCacheExample.csproj", "{AB73D55F-F8EA-4CF4-9409-7B37FDD498A4}"
EndProject
Project("{2150E333-8FDC-42A3-9474-1A3956D46DE8}") = "Scripts", "Scripts", "{5F2754D2-7D76-46EE-9619-D2D54B46030A}"
	ProjectSection(SolutionItems) = preProject
		DockerRedisSetup.ps1 = DockerRedisSetup.ps1
		RedisTerminalInvoke.ps1 = RedisTerminalInvoke.ps1
	EndProjectSection
EndProject
Project("{9A19103F-16F7-4668-BE54-9A1E7A4F7556}") = "RedisCacheExtensionsExample", "RedisCacheExtensionsExample\RedisCacheExtensionsExample.csproj", "{FB53DC77-00FE-4EEC-A3D5-2205065C6181}"
EndProject
Project("{2150E333-8FDC-42A3-9474-1A3956D46DE8}") = "RestAPI", "RestAPI", "{93CB0C7B-A047-4869-8D2A-60C5AB0F246A}"
EndProject
Project("{9A19103F-16F7-4668-BE54-9A1E7A4F7556}") = "TweetBook", "TweetBook\TweetBook.csproj", "{68A5CCFC-35A8-4C46-922C-17210EB20CFE}"
EndProject
Project("{9A19103F-16F7-4668-BE54-9A1E7A4F7556}") = "Tweetbook.IntegrationTests", "Tweebook.IntegrationTests\Tweetbook.IntegrationTests.csproj", "{D9F2A83D-DE4F-4684-A9AD-9C23E46B9A31}"
EndProject
Project("{FAE04EC0-301F-11D3-BF4B-00C04F79EFBC}") = "Tweetbook.Contracts", "Tweetbook.Contracts\Tweetbook.Contracts.csproj", "{11360B22-51A3-422C-B181-4A6156C405B6}"
EndProject
Project("{FAE04EC0-301F-11D3-BF4B-00C04F79EFBC}") = "Tweetbook.Sdk", "Tweetbook.Sdk\Tweetbook.Sdk.csproj", "{BAF49EF6-5DDE-44AB-B36A-FD89605FD037}"
EndProject
Project("{FAE04EC0-301F-11D3-BF4B-00C04F79EFBC}") = "Tweetbook.Sample", "Tweetbook.Sample\Tweetbook.Sample.csproj", "{1A1F0FDE-A4FD-455F-A6DA-67B498E3C28C}"
EndProject
Global
	GlobalSection(SolutionConfigurationPlatforms) = preSolution
		Debug|Any CPU = Debug|Any CPU
		Release|Any CPU = Release|Any CPU
	EndGlobalSection
	GlobalSection(ProjectConfigurationPlatforms) = postSolution
		{AB73D55F-F8EA-4CF4-9409-7B37FDD498A4}.Debug|Any CPU.ActiveCfg = Debug|Any CPU
		{AB73D55F-F8EA-4CF4-9409-7B37FDD498A4}.Debug|Any CPU.Build.0 = Debug|Any CPU
		{AB73D55F-F8EA-4CF4-9409-7B37FDD498A4}.Release|Any CPU.ActiveCfg = Release|Any CPU
		{AB73D55F-F8EA-4CF4-9409-7B37FDD498A4}.Release|Any CPU.Build.0 = Release|Any CPU
		{8AB52A45-EF7C-4D7F-B550-799F9994DD28}.Debug|Any CPU.ActiveCfg = Debug|Any CPU
		{8AB52A45-EF7C-4D7F-B550-799F9994DD28}.Debug|Any CPU.Build.0 = Debug|Any CPU
		{8AB52A45-EF7C-4D7F-B550-799F9994DD28}.Release|Any CPU.ActiveCfg = Release|Any CPU
		{8AB52A45-EF7C-4D7F-B550-799F9994DD28}.Release|Any CPU.Build.0 = Release|Any CPU
		{FB53DC77-00FE-4EEC-A3D5-2205065C6181}.Debug|Any CPU.ActiveCfg = Debug|Any CPU
		{FB53DC77-00FE-4EEC-A3D5-2205065C6181}.Debug|Any CPU.Build.0 = Debug|Any CPU
		{FB53DC77-00FE-4EEC-A3D5-2205065C6181}.Release|Any CPU.ActiveCfg = Release|Any CPU
		{FB53DC77-00FE-4EEC-A3D5-2205065C6181}.Release|Any CPU.Build.0 = Release|Any CPU
		{68A5CCFC-35A8-4C46-922C-17210EB20CFE}.Debug|Any CPU.ActiveCfg = Debug|Any CPU
		{68A5CCFC-35A8-4C46-922C-17210EB20CFE}.Debug|Any CPU.Build.0 = Debug|Any CPU
		{68A5CCFC-35A8-4C46-922C-17210EB20CFE}.Release|Any CPU.ActiveCfg = Release|Any CPU
		{68A5CCFC-35A8-4C46-922C-17210EB20CFE}.Release|Any CPU.Build.0 = Release|Any CPU
		{D9F2A83D-DE4F-4684-A9AD-9C23E46B9A31}.Debug|Any CPU.ActiveCfg = Debug|Any CPU
		{D9F2A83D-DE4F-4684-A9AD-9C23E46B9A31}.Debug|Any CPU.Build.0 = Debug|Any CPU
		{D9F2A83D-DE4F-4684-A9AD-9C23E46B9A31}.Release|Any CPU.ActiveCfg = Release|Any CPU
		{D9F2A83D-DE4F-4684-A9AD-9C23E46B9A31}.Release|Any CPU.Build.0 = Release|Any CPU
		{11360B22-51A3-422C-B181-4A6156C405B6}.Debug|Any CPU.ActiveCfg = Debug|Any CPU
		{11360B22-51A3-422C-B181-4A6156C405B6}.Debug|Any CPU.Build.0 = Debug|Any CPU
		{11360B22-51A3-422C-B181-4A6156C405B6}.Release|Any CPU.ActiveCfg = Release|Any CPU
		{11360B22-51A3-422C-B181-4A6156C405B6}.Release|Any CPU.Build.0 = Release|Any CPU
		{BAF49EF6-5DDE-44AB-B36A-FD89605FD037}.Debug|Any CPU.ActiveCfg = Debug|Any CPU
		{BAF49EF6-5DDE-44AB-B36A-FD89605FD037}.Debug|Any CPU.Build.0 = Debug|Any CPU
		{BAF49EF6-5DDE-44AB-B36A-FD89605FD037}.Release|Any CPU.ActiveCfg = Release|Any CPU
		{BAF49EF6-5DDE-44AB-B36A-FD89605FD037}.Release|Any CPU.Build.0 = Release|Any CPU
		{1A1F0FDE-A4FD-455F-A6DA-67B498E3C28C}.Debug|Any CPU.ActiveCfg = Debug|Any CPU
		{1A1F0FDE-A4FD-455F-A6DA-67B498E3C28C}.Debug|Any CPU.Build.0 = Debug|Any CPU
		{1A1F0FDE-A4FD-455F-A6DA-67B498E3C28C}.Release|Any CPU.ActiveCfg = Release|Any CPU
		{1A1F0FDE-A4FD-455F-A6DA-67B498E3C28C}.Release|Any CPU.Build.0 = Release|Any CPU
	EndGlobalSection
	GlobalSection(SolutionProperties) = preSolution
		HideSolutionNode = FALSE
	EndGlobalSection
	GlobalSection(NestedProjects) = preSolution
		{AB73D55F-F8EA-4CF4-9409-7B37FDD498A4} = {1A881431-C6E6-46F1-AF5E-EDC13F442ADF}
		{5F2754D2-7D76-46EE-9619-D2D54B46030A} = {1A881431-C6E6-46F1-AF5E-EDC13F442ADF}
		{FB53DC77-00FE-4EEC-A3D5-2205065C6181} = {1A881431-C6E6-46F1-AF5E-EDC13F442ADF}
		{68A5CCFC-35A8-4C46-922C-17210EB20CFE} = {93CB0C7B-A047-4869-8D2A-60C5AB0F246A}
		{D9F2A83D-DE4F-4684-A9AD-9C23E46B9A31} = {93CB0C7B-A047-4869-8D2A-60C5AB0F246A}
		{11360B22-51A3-422C-B181-4A6156C405B6} = {93CB0C7B-A047-4869-8D2A-60C5AB0F246A}
		{BAF49EF6-5DDE-44AB-B36A-FD89605FD037} = {93CB0C7B-A047-4869-8D2A-60C5AB0F246A}
		{1A1F0FDE-A4FD-455F-A6DA-67B498E3C28C} = {93CB0C7B-A047-4869-8D2A-60C5AB0F246A}
	EndGlobalSection
	GlobalSection(ExtensibilityGlobals) = postSolution
		SolutionGuid = {9961E6F6-872C-4226-9B45-2DF7F47DF7B4}
	EndGlobalSection
EndGlobal
